
Microsoft Visual Studio Solution File, Format Version 12.00
# Visual Studio Version 17
VisualStudioVersion = 17.5.33424.131
MinimumVisualStudioVersion = 10.0.40219.1
Project("{9A19103F-16F7-4668-BE54-9A1E7A4F7556}") = "SpaceShooters", "SpaceShooters\SpaceShooters.csproj", "{D864C248-04C8-4A67-9842-091CB467769A}"
EndProject
Project("{9A19103F-16F7-4668-BE54-9A1E7A4F7556}") = "SpaceShooter2", "SpaceShooter2\SpaceShooter2.csproj", "{FCB416C0-A363-4F74-91DC-24285609F18D}"
EndProject
Project("{9A19103F-16F7-4668-BE54-9A1E7A4F7556}") = "Spaceshooter3", "Spaceshooter3\Spaceshooter3.csproj", "{9E9B591A-0389-4179-90C1-EDD873CE93EE}"
EndProject
Project("{9A19103F-16F7-4668-BE54-9A1E7A4F7556}") = "HighScoreExample", "HighScoreExample\HighScoreExample.csproj", "{017C2FA4-16FE-45E0-9C5F-E6EFD3B667A6}"
EndProject
Project("{FAE04EC0-301F-11D3-BF4B-00C04F79EFBC}") = "Project1", "Project1\Project1.csproj", "{99307C8C-7948-451C-BFC9-E2D75BEDDD1E}"
EndProject
Global
	GlobalSection(SolutionConfigurationPlatforms) = preSolution
		Debug|Any CPU = Debug|Any CPU
		Release|Any CPU = Release|Any CPU
	EndGlobalSection
	GlobalSection(ProjectConfigurationPlatforms) = postSolution
		{D864C248-04C8-4A67-9842-091CB467769A}.Debug|Any CPU.ActiveCfg = Debug|Any CPU
		{D864C248-04C8-4A67-9842-091CB467769A}.Debug|Any CPU.Build.0 = Debug|Any CPU
		{D864C248-04C8-4A67-9842-091CB467769A}.Release|Any CPU.ActiveCfg = Release|Any CPU
		{D864C248-04C8-4A67-9842-091CB467769A}.Release|Any CPU.Build.0 = Release|Any CPU
		{FCB416C0-A363-4F74-91DC-24285609F18D}.Debug|Any CPU.ActiveCfg = Debug|Any CPU
		{FCB416C0-A363-4F74-91DC-24285609F18D}.Debug|Any CPU.Build.0 = Debug|Any CPU
		{FCB416C0-A363-4F74-91DC-24285609F18D}.Release|Any CPU.ActiveCfg = Release|Any CPU
		{FCB416C0-A363-4F74-91DC-24285609F18D}.Release|Any CPU.Build.0 = Release|Any CPU
		{9E9B591A-0389-4179-90C1-EDD873CE93EE}.Debug|Any CPU.ActiveCfg = Debug|Any CPU
		{9E9B591A-0389-4179-90C1-EDD873CE93EE}.Debug|Any CPU.Build.0 = Debug|Any CPU
		{9E9B591A-0389-4179-90C1-EDD873CE93EE}.Release|Any CPU.ActiveCfg = Release|Any CPU
		{9E9B591A-0389-4179-90C1-EDD873CE93EE}.Release|Any CPU.Build.0 = Release|Any CPU
		{017C2FA4-16FE-45E0-9C5F-E6EFD3B667A6}.Debug|Any CPU.ActiveCfg = Debug|Any CPU
		{017C2FA4-16FE-45E0-9C5F-E6EFD3B667A6}.Debug|Any CPU.Build.0 = Debug|Any CPU
		{017C2FA4-16FE-45E0-9C5F-E6EFD3B667A6}.Release|Any CPU.ActiveCfg = Release|Any CPU
		{017C2FA4-16FE-45E0-9C5F-E6EFD3B667A6}.Release|Any CPU.Build.0 = Release|Any CPU
		{99307C8C-7948-451C-BFC9-E2D75BEDDD1E}.Debug|Any CPU.ActiveCfg = Debug|Any CPU
		{99307C8C-7948-451C-BFC9-E2D75BEDDD1E}.Debug|Any CPU.Build.0 = Debug|Any CPU
		{99307C8C-7948-451C-BFC9-E2D75BEDDD1E}.Release|Any CPU.ActiveCfg = Release|Any CPU
		{99307C8C-7948-451C-BFC9-E2D75BEDDD1E}.Release|Any CPU.Build.0 = Release|Any CPU
	EndGlobalSection
	GlobalSection(SolutionProperties) = preSolution
		HideSolutionNode = FALSE
	EndGlobalSection
	GlobalSection(ExtensibilityGlobals) = postSolution
		SolutionGuid = {1A4680F6-37B3-47D7-9A83-A00AD329CA1E}
	EndGlobalSection
EndGlobal
